github.com/laher/someutils v0.0.0-20140419105303-b27df3fbdaec h1:G/tE6Qdag2k2Nl+qgtGgKU9qa1DnjdIP9VwilFc7psQ=
github.com/laher/someutils v0.0.0-20140419105303-b27df3fbdaec/go.mod h1:Tz+UqCMkFI9LxxKiy+GX7lKcHk1Lzc26XX20wKmlgns=
github.com/laher/uggo v0.0.0-20140418102112-0ad25fe11c5b h1:hiAgMroreX8L9Gm2SsTdv9ApADQPShh9D3Di9xpp2Kg=
github.com/laher/uggo v0.0.0-20140418102112-0ad25fe11c5b/go.mod h1:WytauZxw3kbZhQVPJN2INZlGCNCKWn3iy4VqJvNo2pI=
github.com/laher/wget-go v0.5.0 h1:h3/tj9o5fr79YGvVY6Gy4Lc+oYab8TWWKwBCAFfpML8=
github.com/laher/wget-go v0.5.0/go.mod h1:zWtiSGNbzo5/XeFkUcfkwVCyhvCd//aqWPCWb1GKOI0=
